
Microsoft Visual Studio Solution File, Format Version 12.00
# Visual Studio Version 17
VisualStudioVersion = 17.9.34723.18
MinimumVisualStudioVersion = 10.0.40219.1
Project("{FAE04EC0-301F-11D3-BF4B-00C04F79EFBC}") = "DesignPattern_ChainOfResponsibility", "DesignPattern_ChainOfResponsibility\DesignPattern_ChainOfResponsibility.csproj", "{08FB2E7A-C320-41EC-9260-F9695ADB120E}"
EndProject
Global
	GlobalSection(SolutionConfigurationPlatforms) = preSolution
		Debug|Any CPU = Debug|Any CPU
		Release|Any CPU = Release|Any CPU
	EndGlobalSection
	GlobalSection(ProjectConfigurationPlatforms) = postSolution
		{08FB2E7A-C320-41EC-9260-F9695ADB120E}.Debug|Any CPU.ActiveCfg = Debug|Any CPU
		{08FB2E7A-C320-41EC-9260-F9695ADB120E}.Debug|Any CPU.Build.0 = Debug|Any CPU
		{08FB2E7A-C320-41EC-9260-F9695ADB120E}.Release|Any CPU.ActiveCfg = Release|Any CPU
		{08FB2E7A-C320-41EC-9260-F9695ADB120E}.Release|Any CPU.Build.0 = Release|Any CPU
	EndGlobalSection
	GlobalSection(SolutionProperties) = preSolution
		HideSolutionNode = FALSE
	EndGlobalSection
	GlobalSection(ExtensibilityGlobals) = postSolution
		SolutionGuid = {35325168-0908-4970-96E0-5D49696CB4A0}
	EndGlobalSection
EndGlobal
